{
  "name": "talib",
  "version": "1.1.4",
  "lockfileVersion": 2,
  "requires": true,
  "packages": {
    "": {
      "name": "talib",
      "version": "1.1.4",
      "funding": [
        {
          "type": "PayPal",
          "url": "https://www.paypal.com/cgi-bin/webscr?cmd=_donations&business=AZDHC49PNM7MY&item_name=talib"
        },
        {
          "type": "Coinbase",
          "url": "https://commerce.coinbase.com/checkout/1da811db-5adf-4d02-9ab3-dd68e62234e1"
        }
      ],
      "hasInstallScript": true,
      "os": [
        "darwin",
        "linux",
        "freebsd",
        "win32"
      ],
      "dependencies": {
        "nan": "^2.16.0"
      },
      "devDependencies": {},
      "engines": {
        "node": ">=8.16.0"
      }
    },
    "node_modules/nan": {
      "version": "2.16.0",
      "resolved": "https://registry.npmjs.org/nan/-/nan-2.16.0.tgz",
      "integrity": "sha512-UdAqHyFngu7TfQKsCBgAA6pWDkT8MAO7d0jyOecVhN5354xbLqdn8mV9Tat9gepAupm0bt2DbeaSC8vS52MuFA=="
    }
  },
  "dependencies": {
    "nan": {
      "version": "2.16.0",
      "resolved": "https://registry.npmjs.org/nan/-/nan-2.16.0.tgz",
      "integrity": "sha512-UdAqHyFngu7TfQKsCBgAA6pWDkT8MAO7d0jyOecVhN5354xbLqdn8mV9Tat9gepAupm0bt2DbeaSC8vS52MuFA=="
    }
  }
}
