{
  "name": "talib",
  "version": "2.0.4",
  "lockfileVersion": 2,
  "requires": true,
  "packages": {
    "": {
      "name": "talib",
      "version": "2.0.4",
      "funding": [
        {
          "type": "PayPal",
          "url": "https://www.paypal.com/cgi-bin/webscr?cmd=_donations&business=AZDHC49PNM7MY&item_name=talib"
        }
      ],
      "hasInstallScript": true,
      "license": "LGPL-3.0-or-later",
      "os": [
        "darwin",
        "linux",
        "freebsd",
        "win32"
      ],
      "dependencies": {
        "nan": "^2.27.0"
      },
      "engines": {
        "node": ">=24.0.0"
      }
    },
    "node_modules/nan": {
      "version": "2.27.0",
      "resolved": "https://registry.npmjs.org/nan/-/nan-2.27.0.tgz",
      "integrity": "sha512-hC+0LidcL3XE4rp1C4H54KujgXKzbfyTngZTwBByQxsOxCEKZT0MPQ4hOKUH2jU1OYstqdDH4onyHPDzcV0XdQ==",
      "license": "MIT"
    }
  },
  "dependencies": {
    "nan": {
      "version": "2.27.0",
      "resolved": "https://registry.npmjs.org/nan/-/nan-2.27.0.tgz",
      "integrity": "sha512-hC+0LidcL3XE4rp1C4H54KujgXKzbfyTngZTwBByQxsOxCEKZT0MPQ4hOKUH2jU1OYstqdDH4onyHPDzcV0XdQ=="
    }
  }
}
