
Microsoft Visual Studio Solution File, Format Version 12.00
# Visual Studio 14
VisualStudioVersion = 14.0.24720.0
MinimumVisualStudioVersion = 10.0.40219.1
Project("{8BC9CEB8-8B4A-11D0-8D11-00A0C91BC942}") = "ta_common", "ta_common\ta_common.vcxproj", "{E3AB3A1B-0D33-4A51-A4F7-69EE5C079115}"
EndProject
Project("{8BC9CEB8-8B4A-11D0-8D11-00A0C91BC942}") = "ta_func", "ta_func\ta_func.vcxproj", "{B9DBB4A6-C675-4486-B916-0B0DCC049BB2}"
EndProject
Project("{8BC9CEB8-8B4A-11D0-8D11-00A0C91BC942}") = "ta_abstract", "ta_abstract\ta_abstract.vcxproj", "{FDE2592B-DF64-4308-B644-92E79E071986}"
EndProject
Project("{8BC9CEB8-8B4A-11D0-8D11-00A0C91BC942}") = "ta_libc", "ta_libc\ta_libc.vcxproj", "{B7BA9CEF-8430-4BCB-8EEE-5C351800A021}"
EndProject
Global
	GlobalSection(SolutionConfigurationPlatforms) = preSolution
		cdd|Win32 = cdd|Win32
		cdd|x64 = cdd|x64
		cdr|Win32 = cdr|Win32
		cdr|x64 = cdr|x64
		cmd|Win32 = cmd|Win32
		cmd|x64 = cmd|x64
		cmr|Win32 = cmr|Win32
		cmr|x64 = cmr|x64
		csr|Win32 = csr|Win32
		csr|x64 = csr|x64
	EndGlobalSection
	GlobalSection(ProjectConfigurationPlatforms) = postSolution
		{E3AB3A1B-0D33-4A51-A4F7-69EE5C079115}.cdd|Win32.ActiveCfg = cdd|Win32
		{E3AB3A1B-0D33-4A51-A4F7-69EE5C079115}.cdd|Win32.Build.0 = cdd|Win32
		{E3AB3A1B-0D33-4A51-A4F7-69EE5C079115}.cdd|x64.ActiveCfg = cdd|x64
		{E3AB3A1B-0D33-4A51-A4F7-69EE5C079115}.cdd|x64.Build.0 = cdd|x64
		{E3AB3A1B-0D33-4A51-A4F7-69EE5C079115}.cdr|Win32.ActiveCfg = cdr|Win32
		{E3AB3A1B-0D33-4A51-A4F7-69EE5C079115}.cdr|Win32.Build.0 = cdr|Win32
		{E3AB3A1B-0D33-4A51-A4F7-69EE5C079115}.cdr|x64.ActiveCfg = cdr|x64
		{E3AB3A1B-0D33-4A51-A4F7-69EE5C079115}.cdr|x64.Build.0 = cdr|x64
		{E3AB3A1B-0D33-4A51-A4F7-69EE5C079115}.cmd|Win32.ActiveCfg = cmd|Win32
		{E3AB3A1B-0D33-4A51-A4F7-69EE5C079115}.cmd|Win32.Build.0 = cmd|Win32
		{E3AB3A1B-0D33-4A51-A4F7-69EE5C079115}.cmd|x64.ActiveCfg = cmd|x64
		{E3AB3A1B-0D33-4A51-A4F7-69EE5C079115}.cmd|x64.Build.0 = cmd|x64
		{E3AB3A1B-0D33-4A51-A4F7-69EE5C079115}.cmr|Win32.ActiveCfg = cmr|Win32
		{E3AB3A1B-0D33-4A51-A4F7-69EE5C079115}.cmr|Win32.Build.0 = cmr|Win32
		{E3AB3A1B-0D33-4A51-A4F7-69EE5C079115}.cmr|x64.ActiveCfg = cmr|x64
		{E3AB3A1B-0D33-4A51-A4F7-69EE5C079115}.cmr|x64.Build.0 = cmr|x64
		{E3AB3A1B-0D33-4A51-A4F7-69EE5C079115}.csr|Win32.ActiveCfg = csr|Win32
		{E3AB3A1B-0D33-4A51-A4F7-69EE5C079115}.csr|Win32.Build.0 = csr|Win32
		{E3AB3A1B-0D33-4A51-A4F7-69EE5C079115}.csr|x64.ActiveCfg = csr|x64
		{E3AB3A1B-0D33-4A51-A4F7-69EE5C079115}.csr|x64.Build.0 = csr|x64
		{B9DBB4A6-C675-4486-B916-0B0DCC049BB2}.cdd|Win32.ActiveCfg = cdd|Win32
		{B9DBB4A6-C675-4486-B916-0B0DCC049BB2}.cdd|Win32.Build.0 = cdd|Win32
		{B9DBB4A6-C675-4486-B916-0B0DCC049BB2}.cdd|x64.ActiveCfg = cdd|x64
		{B9DBB4A6-C675-4486-B916-0B0DCC049BB2}.cdd|x64.Build.0 = cdd|x64
		{B9DBB4A6-C675-4486-B916-0B0DCC049BB2}.cdr|Win32.ActiveCfg = cdr|Win32
		{B9DBB4A6-C675-4486-B916-0B0DCC049BB2}.cdr|Win32.Build.0 = cdr|Win32
		{B9DBB4A6-C675-4486-B916-0B0DCC049BB2}.cdr|x64.ActiveCfg = cdr|x64
		{B9DBB4A6-C675-4486-B916-0B0DCC049BB2}.cdr|x64.Build.0 = cdr|x64
		{B9DBB4A6-C675-4486-B916-0B0DCC049BB2}.cmd|Win32.ActiveCfg = cmd|Win32
		{B9DBB4A6-C675-4486-B916-0B0DCC049BB2}.cmd|Win32.Build.0 = cmd|Win32
		{B9DBB4A6-C675-4486-B916-0B0DCC049BB2}.cmd|x64.ActiveCfg = cmd|x64
		{B9DBB4A6-C675-4486-B916-0B0DCC049BB2}.cmd|x64.Build.0 = cmd|x64
		{B9DBB4A6-C675-4486-B916-0B0DCC049BB2}.cmr|Win32.ActiveCfg = cmr|Win32
		{B9DBB4A6-C675-4486-B916-0B0DCC049BB2}.cmr|Win32.Build.0 = cmr|Win32
		{B9DBB4A6-C675-4486-B916-0B0DCC049BB2}.cmr|x64.ActiveCfg = cmr|x64
		{B9DBB4A6-C675-4486-B916-0B0DCC049BB2}.cmr|x64.Build.0 = cmr|x64
		{B9DBB4A6-C675-4486-B916-0B0DCC049BB2}.csr|Win32.ActiveCfg = csr|Win32
		{B9DBB4A6-C675-4486-B916-0B0DCC049BB2}.csr|Win32.Build.0 = csr|Win32
		{B9DBB4A6-C675-4486-B916-0B0DCC049BB2}.csr|x64.ActiveCfg = csr|x64
		{B9DBB4A6-C675-4486-B916-0B0DCC049BB2}.csr|x64.Build.0 = csr|x64
		{FDE2592B-DF64-4308-B644-92E79E071986}.cdd|Win32.ActiveCfg = cmr|Win32
		{FDE2592B-DF64-4308-B644-92E79E071986}.cdd|Win32.Build.0 = cmr|Win32
		{FDE2592B-DF64-4308-B644-92E79E071986}.cdd|x64.ActiveCfg = cdd|x64
		{FDE2592B-DF64-4308-B644-92E79E071986}.cdd|x64.Build.0 = cdd|x64
		{FDE2592B-DF64-4308-B644-92E79E071986}.cdr|Win32.ActiveCfg = cdr|Win32
		{FDE2592B-DF64-4308-B644-92E79E071986}.cdr|Win32.Build.0 = cdr|Win32
		{FDE2592B-DF64-4308-B644-92E79E071986}.cdr|x64.ActiveCfg = cdr|x64
		{FDE2592B-DF64-4308-B644-92E79E071986}.cdr|x64.Build.0 = cdr|x64
		{FDE2592B-DF64-4308-B644-92E79E071986}.cmd|Win32.ActiveCfg = cmd|Win32
		{FDE2592B-DF64-4308-B644-92E79E071986}.cmd|Win32.Build.0 = cmd|Win32
		{FDE2592B-DF64-4308-B644-92E79E071986}.cmd|x64.ActiveCfg = cmd|x64
		{FDE2592B-DF64-4308-B644-92E79E071986}.cmd|x64.Build.0 = cmd|x64
		{FDE2592B-DF64-4308-B644-92E79E071986}.cmr|Win32.ActiveCfg = cmr|Win32
		{FDE2592B-DF64-4308-B644-92E79E071986}.cmr|Win32.Build.0 = cmr|Win32
		{FDE2592B-DF64-4308-B644-92E79E071986}.cmr|x64.ActiveCfg = cmr|x64
		{FDE2592B-DF64-4308-B644-92E79E071986}.cmr|x64.Build.0 = cmr|x64
		{FDE2592B-DF64-4308-B644-92E79E071986}.csr|Win32.ActiveCfg = csr|Win32
		{FDE2592B-DF64-4308-B644-92E79E071986}.csr|Win32.Build.0 = csr|Win32
		{FDE2592B-DF64-4308-B644-92E79E071986}.csr|x64.ActiveCfg = csr|x64
		{FDE2592B-DF64-4308-B644-92E79E071986}.csr|x64.Build.0 = csr|x64
		{B7BA9CEF-8430-4BCB-8EEE-5C351800A021}.cdd|Win32.ActiveCfg = cdd|Win32
		{B7BA9CEF-8430-4BCB-8EEE-5C351800A021}.cdd|Win32.Build.0 = cdd|Win32
		{B7BA9CEF-8430-4BCB-8EEE-5C351800A021}.cdd|x64.ActiveCfg = cdd|x64
		{B7BA9CEF-8430-4BCB-8EEE-5C351800A021}.cdd|x64.Build.0 = cdd|x64
		{B7BA9CEF-8430-4BCB-8EEE-5C351800A021}.cdr|Win32.ActiveCfg = cdr|Win32
		{B7BA9CEF-8430-4BCB-8EEE-5C351800A021}.cdr|Win32.Build.0 = cdr|Win32
		{B7BA9CEF-8430-4BCB-8EEE-5C351800A021}.cdr|x64.ActiveCfg = cdr|x64
		{B7BA9CEF-8430-4BCB-8EEE-5C351800A021}.cdr|x64.Build.0 = cdr|x64
		{B7BA9CEF-8430-4BCB-8EEE-5C351800A021}.cmd|Win32.ActiveCfg = cmd|Win32
		{B7BA9CEF-8430-4BCB-8EEE-5C351800A021}.cmd|Win32.Build.0 = cmd|Win32
		{B7BA9CEF-8430-4BCB-8EEE-5C351800A021}.cmd|x64.ActiveCfg = cmd|x64
		{B7BA9CEF-8430-4BCB-8EEE-5C351800A021}.cmd|x64.Build.0 = cmd|x64
		{B7BA9CEF-8430-4BCB-8EEE-5C351800A021}.cmr|Win32.ActiveCfg = cmr|Win32
		{B7BA9CEF-8430-4BCB-8EEE-5C351800A021}.cmr|Win32.Build.0 = cmr|Win32
		{B7BA9CEF-8430-4BCB-8EEE-5C351800A021}.cmr|x64.ActiveCfg = cmr|x64
		{B7BA9CEF-8430-4BCB-8EEE-5C351800A021}.cmr|x64.Build.0 = cmr|x64
		{B7BA9CEF-8430-4BCB-8EEE-5C351800A021}.csr|Win32.ActiveCfg = csr|Win32
		{B7BA9CEF-8430-4BCB-8EEE-5C351800A021}.csr|Win32.Build.0 = csr|Win32
		{B7BA9CEF-8430-4BCB-8EEE-5C351800A021}.csr|x64.ActiveCfg = csr|x64
		{B7BA9CEF-8430-4BCB-8EEE-5C351800A021}.csr|x64.Build.0 = csr|x64
	EndGlobalSection
	GlobalSection(SolutionProperties) = preSolution
		HideSolutionNode = FALSE
	EndGlobalSection
EndGlobal
